
Microsoft Visual Studio Solution File, Format Version 12.00
# Visual Studio Version 16
VisualStudioVersion = 16.0.30517.126
MinimumVisualStudioVersion = 10.0.40219.1
Project("{FAE04EC0-301F-11D3-BF4B-00C04F79EFBC}") = "payCheck", "payCheck\payCheck.csproj", "{128376DA-4486-41C7-BFFC-2CF3B2B1B768}"
EndProject
Global
	GlobalSection(SolutionConfigurationPlatforms) = preSolution
		Debug|Any CPU = Debug|Any CPU
		Release|Any CPU = Release|Any CPU
	EndGlobalSection
	GlobalSection(ProjectConfigurationPlatforms) = postSolution
		{128376DA-4486-41C7-BFFC-2CF3B2B1B768}.Debug|Any CPU.ActiveCfg = Debug|Any CPU
		{128376DA-4486-41C7-BFFC-2CF3B2B1B768}.Debug|Any CPU.Build.0 = Debug|Any CPU
		{128376DA-4486-41C7-BFFC-2CF3B2B1B768}.Release|Any CPU.ActiveCfg = Release|Any CPU
		{128376DA-4486-41C7-BFFC-2CF3B2B1B768}.Release|Any CPU.Build.0 = Release|Any CPU
	EndGlobalSection
	GlobalSection(SolutionProperties) = preSolution
		HideSolutionNode = FALSE
	EndGlobalSection
	GlobalSection(ExtensibilityGlobals) = postSolution
		SolutionGuid = {3F8303D3-980A-4D42-8D2A-D60804A0BCCD}
	EndGlobalSection
EndGlobal
