
Microsoft Visual Studio Solution File, Format Version 12.00
# Visual Studio Version 16
VisualStudioVersion = 16.0.30517.126
MinimumVisualStudioVersion = 10.0.40219.1
Project("{FAE04EC0-301F-11D3-BF4B-00C04F79EFBC}") = "ConsoleBasedIO", "ConsoleBasedIO\ConsoleBasedIO.csproj", "{5DC70B9A-B41D-4677-8498-91E4C18136ED}"
EndProject
Global
	GlobalSection(SolutionConfigurationPlatforms) = preSolution
		Debug|Any CPU = Debug|Any CPU
		Release|Any CPU = Release|Any CPU
	EndGlobalSection
	GlobalSection(ProjectConfigurationPlatforms) = postSolution
		{5DC70B9A-B41D-4677-8498-91E4C18136ED}.Debug|Any CPU.ActiveCfg = Debug|Any CPU
		{5DC70B9A-B41D-4677-8498-91E4C18136ED}.Debug|Any CPU.Build.0 = Debug|Any CPU
		{5DC70B9A-B41D-4677-8498-91E4C18136ED}.Release|Any CPU.ActiveCfg = Release|Any CPU
		{5DC70B9A-B41D-4677-8498-91E4C18136ED}.Release|Any CPU.Build.0 = Release|Any CPU
	EndGlobalSection
	GlobalSection(SolutionProperties) = preSolution
		HideSolutionNode = FALSE
	EndGlobalSection
	GlobalSection(ExtensibilityGlobals) = postSolution
		SolutionGuid = {26D2CA40-9875-4F0E-AB83-E925AD7014E0}
	EndGlobalSection
EndGlobal
