
Microsoft Visual Studio Solution File, Format Version 12.00
# Visual Studio Version 16
VisualStudioVersion = 16.0.30523.141
MinimumVisualStudioVersion = 10.0.40219.1
Project("{FAE04EC0-301F-11D3-BF4B-00C04F79EFBC}") = "ping-pong", "ping-pong\ping-pong.csproj", "{642461A1-3824-4D79-B26A-1FF8802AAE1A}"
EndProject
Global
	GlobalSection(SolutionConfigurationPlatforms) = preSolution
		Debug|Any CPU = Debug|Any CPU
		Release|Any CPU = Release|Any CPU
	EndGlobalSection
	GlobalSection(ProjectConfigurationPlatforms) = postSolution
		{642461A1-3824-4D79-B26A-1FF8802AAE1A}.Debug|Any CPU.ActiveCfg = Debug|Any CPU
		{642461A1-3824-4D79-B26A-1FF8802AAE1A}.Debug|Any CPU.Build.0 = Debug|Any CPU
		{642461A1-3824-4D79-B26A-1FF8802AAE1A}.Release|Any CPU.ActiveCfg = Release|Any CPU
		{642461A1-3824-4D79-B26A-1FF8802AAE1A}.Release|Any CPU.Build.0 = Release|Any CPU
	EndGlobalSection
	GlobalSection(SolutionProperties) = preSolution
		HideSolutionNode = FALSE
	EndGlobalSection
	GlobalSection(ExtensibilityGlobals) = postSolution
		SolutionGuid = {D934CF25-AE49-40C3-BE8E-97C97C2C5B42}
	EndGlobalSection
EndGlobal
