
Microsoft Visual Studio Solution File, Format Version 12.00
# Visual Studio Version 16
VisualStudioVersion = 16.0.30523.141
MinimumVisualStudioVersion = 10.0.40219.1
Project("{FAE04EC0-301F-11D3-BF4B-00C04F79EFBC}") = "converter", "converter\converter.csproj", "{76DA77A0-5251-41A9-9305-6EEEB5D70FF1}"
EndProject
Global
	GlobalSection(SolutionConfigurationPlatforms) = preSolution
		Debug|Any CPU = Debug|Any CPU
		Release|Any CPU = Release|Any CPU
	EndGlobalSection
	GlobalSection(ProjectConfigurationPlatforms) = postSolution
		{76DA77A0-5251-41A9-9305-6EEEB5D70FF1}.Debug|Any CPU.ActiveCfg = Debug|Any CPU
		{76DA77A0-5251-41A9-9305-6EEEB5D70FF1}.Debug|Any CPU.Build.0 = Debug|Any CPU
		{76DA77A0-5251-41A9-9305-6EEEB5D70FF1}.Release|Any CPU.ActiveCfg = Release|Any CPU
		{76DA77A0-5251-41A9-9305-6EEEB5D70FF1}.Release|Any CPU.Build.0 = Release|Any CPU
	EndGlobalSection
	GlobalSection(SolutionProperties) = preSolution
		HideSolutionNode = FALSE
	EndGlobalSection
	GlobalSection(ExtensibilityGlobals) = postSolution
		SolutionGuid = {E7DB8600-E6B4-4F67-87E2-0164E394249D}
	EndGlobalSection
EndGlobal
