
Microsoft Visual Studio Solution File, Format Version 12.00
# Visual Studio Version 16
VisualStudioVersion = 16.0.30523.141
MinimumVisualStudioVersion = 10.0.40219.1
Project("{FAE04EC0-301F-11D3-BF4B-00C04F79EFBC}") = "szamologep", "szamologep\szamologep.csproj", "{C525BBD4-1568-4638-B27D-B2E82DE9DD2E}"
EndProject
Global
	GlobalSection(SolutionConfigurationPlatforms) = preSolution
		Debug|Any CPU = Debug|Any CPU
		Release|Any CPU = Release|Any CPU
	EndGlobalSection
	GlobalSection(ProjectConfigurationPlatforms) = postSolution
		{C525BBD4-1568-4638-B27D-B2E82DE9DD2E}.Debug|Any CPU.ActiveCfg = Debug|Any CPU
		{C525BBD4-1568-4638-B27D-B2E82DE9DD2E}.Debug|Any CPU.Build.0 = Debug|Any CPU
		{C525BBD4-1568-4638-B27D-B2E82DE9DD2E}.Release|Any CPU.ActiveCfg = Release|Any CPU
		{C525BBD4-1568-4638-B27D-B2E82DE9DD2E}.Release|Any CPU.Build.0 = Release|Any CPU
	EndGlobalSection
	GlobalSection(SolutionProperties) = preSolution
		HideSolutionNode = FALSE
	EndGlobalSection
	GlobalSection(ExtensibilityGlobals) = postSolution
		SolutionGuid = {A9B6FAC7-16A2-45E3-BCDD-95F4654B4C70}
	EndGlobalSection
EndGlobal
